{
  "nodes": {
    "aquamarine": {
      "inputs": {
        "hyprutils": [
          "hyprland",
          "hyprutils"
        ],
        "hyprwayland-scanner": [
          "hyprland",
          "hyprwayland-scanner"
        ],
        "nixpkgs": [
          "hyprland",
          "nixpkgs"
        ],
        "systems": [
          "hyprland",
          "systems"
        ]
      },
      "locked": {
        "lastModified": 1776876344,
        "narHash": "sha256-Ubqb/agkuMJK+k19gjQgHux/eOYRc1sRGoOZOho8+VY=",
        "owner": "hyprwm",
        "repo": "aquamarine",
        "rev": "648a13d0ee1e03a843b3e145b8ece15393058701",
        "type": "github"
      },
      "original": {
        "owner": "hyprwm",
        "repo": "aquamarine",
        "type": "github"
      }
    },
    "awww": {
      "inputs": {
        "flake-compat": "flake-compat",
        "nixpkgs": "nixpkgs",
        "rust-overlay": "rust-overlay"
      },
      "locked": {
        "lastModified": 1777136912,
        "narHash": "sha256-owyQdC2vi0kYC119fzyVQp0J4G0t1n4xXUwryhlBbqA=",
        "ref": "refs/heads/main",
        "rev": "f66e12a76dbc4c669b2f1375f78bce49f5b19d66",
        "revCount": 1363,
        "type": "git",
        "url": "https://codeberg.org/LGFae/awww"
      },
      "original": {
        "type": "git",
        "url": "https://codeberg.org/LGFae/awww"
      }
    },
    "bawa": {
      "inputs": {
        "crane": "crane",
        "flake-utils": "flake-utils",
        "nixpkgs": "nixpkgs_2",
        "rust-overlay": "rust-overlay_2"
      },
      "locked": {
        "lastModified": 1772079858,
        "narHash": "sha256-RF1qeTC2gc/WXcgMiiiYy8xyXkklHIvtqAJXqhLzOd0=",
        "owner": "sarowish",
        "repo": "bawa",
        "rev": "65308be1001c9bde71ee4f4981263c8c0a78c5e5",
        "type": "github"
      },
      "original": {
        "owner": "sarowish",
        "repo": "bawa",
        "type": "github"
      }
    },
    "crane": {
      "locked": {
        "lastModified": 1771796463,
        "narHash": "sha256-9bCDuUzpwJXcHMQYMS1yNuzYMmKO/CCwCexpjWOl62I=",
        "owner": "ipetkov",
        "repo": "crane",
        "rev": "3d3de3313e263e04894f284ac18177bd26169bad",
        "type": "github"
      },
      "original": {
        "owner": "ipetkov",
        "repo": "crane",
        "type": "github"
      }
    },
    "crane_2": {
      "locked": {
        "lastModified": 1766774972,
        "narHash": "sha256-8qxEFpj4dVmIuPn9j9z6NTbU+hrcGjBOvaxTzre5HmM=",
        "owner": "ipetkov",
        "repo": "crane",
        "rev": "01bc1d404a51a0a07e9d8759cd50a7903e218c82",
        "type": "github"
      },
      "original": {
        "owner": "ipetkov",
        "repo": "crane",
        "type": "github"
      }
    },
    "crane_3": {
      "locked": {
        "lastModified": 1776533550,
        "narHash": "sha256-8mTHsQ8cB0jGlXE4WWKqpQFQPM/VotDnr2uzfrOGNKI=",
        "owner": "ipetkov",
        "repo": "crane",
        "rev": "e24d86e91348e3d44014974fa24c9a22cfd663b5",
        "type": "github"
      },
      "original": {
        "owner": "ipetkov",
        "repo": "crane",
        "type": "github"
      }
    },
    "disko": {
      "inputs": {
        "nixpkgs": [
          "nixpkgs"
        ]
      },
      "locked": {
        "lastModified": 1777713215,
        "narHash": "sha256-8GzXDOXckDWwST8TY5DbwYFjdvQLlP7K9CLSVx6iTTo=",
        "owner": "nix-community",
        "repo": "disko",
        "rev": "63b4e7e6cf75307c1d26ac3762b886b5b0247267",
        "type": "github"
      },
      "original": {
        "owner": "nix-community",
        "repo": "disko",
        "type": "github"
      }
    },
    "firefox-addons": {
      "inputs": {
        "nixpkgs": [
          "nixpkgs"
        ]
      },
      "locked": {
        "dir": "pkgs/firefox-addons",
        "lastModified": 1777867383,
        "narHash": "sha256-Pv7/nyFVi6ZMjInw3UYG9a6yjKxh6ORs2+GqnM0pH8I=",
        "owner": "rycee",
        "repo": "nur-expressions",
        "rev": "c63195f23846be639805fb8fc5bcb579e249b8e0",
        "type": "gitlab"
      },
      "original": {
        "dir": "pkgs/firefox-addons",
        "owner": "rycee",
        "repo": "nur-expressions",
        "type": "gitlab"
      }
    },
    "flake-compat": {
      "flake": false,
      "locked": {
        "lastModified": 1761588595,
        "narHash": "sha256-XKUZz9zewJNUj46b4AJdiRZJAvSZ0Dqj2BNfXvFlJC4=",
        "owner": "edolstra",
        "repo": "flake-compat",
        "rev": "f387cd2afec9419c8ee37694406ca490c3f34ee5",
        "type": "github"
      },
      "original": {
        "owner": "edolstra",
        "repo": "flake-compat",
        "type": "github"
      }
    },
    "flake-compat_2": {
      "flake": false,
      "locked": {
        "lastModified": 1767039857,
        "narHash": "sha256-vNpUSpF5Nuw8xvDLj2KCwwksIbjua2LZCqhV1LNRDns=",
        "owner": "NixOS",
        "repo": "flake-compat",
        "rev": "5edf11c44bc78a0d334f6334cdaf7d60d732daab",
        "type": "github"
      },
      "original": {
        "owner": "NixOS",
        "repo": "flake-compat",
        "type": "github"
      }
    },
    "flake-compat_3": {
      "locked": {
        "lastModified": 1733328505,
        "narHash": "sha256-NeCCThCEP3eCl2l/+27kNNK7QrwZB1IJCrXfrbv5oqU=",
        "rev": "ff81ac966bb2cae68946d5ed5fc4994f96d0ffec",
        "revCount": 69,
        "type": "tarball",
        "url": "https://api.flakehub.com/f/pinned/edolstra/flake-compat/1.1.0/01948eb7-9cba-704f-bbf3-3fa956735b52/source.tar.gz"
      },
      "original": {
        "type": "tarball",
        "url": "https://flakehub.com/f/edolstra/flake-compat/1.tar.gz"
      }
    },
    "flake-compat_4": {
      "flake": false,
      "locked": {
        "lastModified": 1767039857,
        "narHash": "sha256-vNpUSpF5Nuw8xvDLj2KCwwksIbjua2LZCqhV1LNRDns=",
        "owner": "NixOS",
        "repo": "flake-compat",
        "rev": "5edf11c44bc78a0d334f6334cdaf7d60d732daab",
        "type": "github"
      },
      "original": {
        "owner": "NixOS",
        "repo": "flake-compat",
        "type": "github"
      }
    },
    "flake-parts": {
      "inputs": {
        "nixpkgs-lib": "nixpkgs-lib"
      },
      "locked": {
        "lastModified": 1777678872,
        "narHash": "sha256-EPIFsulyon7Z1vLQq5Fk64GR8L7cQsT+IPhcsukVbgk=",
        "owner": "hercules-ci",
        "repo": "flake-parts",
        "rev": "5250617bffd85403b14dbf43c3870e7f255d2c16",
        "type": "github"
      },
      "original": {
        "owner": "hercules-ci",
        "repo": "flake-parts",
        "type": "github"
      }
    },
    "flake-utils": {
      "inputs": {
        "systems": "systems"
      },
      "locked": {
        "lastModified": 1731533236,
        "narHash": "sha256-l0KFg5HjrsfsO/JpG+r7fRrqm12kzFHyUHqHCVpMMbI=",
        "owner": "numtide",
        "repo": "flake-utils",
        "rev": "11707dc2f618dd54ca8739b309ec4fc024de578b",
        "type": "github"
      },
      "original": {
        "owner": "numtide",
        "repo": "flake-utils",
        "type": "github"
      }
    },
    "flake-utils_2": {
      "inputs": {
        "systems": "systems_3"
      },
      "locked": {
        "lastModified": 1731533236,
        "narHash": "sha256-l0KFg5HjrsfsO/JpG+r7fRrqm12kzFHyUHqHCVpMMbI=",
        "owner": "numtide",
        "repo": "flake-utils",
        "rev": "11707dc2f618dd54ca8739b309ec4fc024de578b",
        "type": "github"
      },
      "original": {
        "owner": "numtide",
        "repo": "flake-utils",
        "type": "github"
      }
    },
    "flake-utils_3": {
      "inputs": {
        "systems": "systems_6"
      },
      "locked": {
        "lastModified": 1731533236,
        "narHash": "sha256-l0KFg5HjrsfsO/JpG+r7fRrqm12kzFHyUHqHCVpMMbI=",
        "owner": "numtide",
        "repo": "flake-utils",
        "rev": "11707dc2f618dd54ca8739b309ec4fc024de578b",
        "type": "github"
      },
      "original": {
        "owner": "numtide",
        "repo": "flake-utils",
        "type": "github"
      }
    },
    "gitignore": {
      "inputs": {
        "nixpkgs": [
          "hyprland",
          "pre-commit-hooks",
          "nixpkgs"
        ]
      },
      "locked": {
        "lastModified": 1709087332,
        "narHash": "sha256-HG2cCnktfHsKV0s4XW83gU3F57gaTljL9KNSuG6bnQs=",
        "owner": "hercules-ci",
        "repo": "gitignore.nix",
        "rev": "637db329424fd7e46cf4185293b9cc8c88c95394",
        "type": "github"
      },
      "original": {
        "owner": "hercules-ci",
        "repo": "gitignore.nix",
        "type": "github"
      }
    },
    "home-manager": {
      "inputs": {
        "nixpkgs": [
          "nixpkgs"
        ]
      },
      "locked": {
        "lastModified": 1777851538,
        "narHash": "sha256-Gp8qwTEYNoy2yvmErVGlvLOQvrtEECCAKbonW7VJef8=",
        "owner": "nix-community",
        "repo": "home-manager",
        "rev": "cc09c0f9b7eaa95c2d9827338a5eb03d32505ca5",
        "type": "github"
      },
      "original": {
        "owner": "nix-community",
        "ref": "release-25.11",
        "repo": "home-manager",
        "type": "github"
      }
    },
    "hyprcursor": {
      "inputs": {
        "hyprlang": [
          "hyprland",
          "hyprlang"
        ],
        "nixpkgs": [
          "hyprland",
          "nixpkgs"
        ],
        "systems": [
          "hyprland",
          "systems"
        ]
      },
      "locked": {
        "lastModified": 1776511930,
        "narHash": "sha256-fCpwFiTW0rT7oKJqr3cqHMnkwypSwQKpbtUEtxdkgrM=",
        "owner": "hyprwm",
        "repo": "hyprcursor",
        "rev": "39435900785d0c560c6ae8777d29f28617d031ef",
        "type": "github"
      },
      "original": {
        "owner": "hyprwm",
        "repo": "hyprcursor",
        "type": "github"
      }
    },
    "hyprgraphics": {
      "inputs": {
        "hyprutils": [
          "hyprland",
          "hyprutils"
        ],
        "nixpkgs": [
          "hyprland",
          "nixpkgs"
        ],
        "systems": [
          "hyprland",
          "systems"
        ]
      },
      "locked": {
        "lastModified": 1776426399,
        "narHash": "sha256-RUESLKNikIeEq9ymGJ6nmcDXiSFQpUW1IhJ245nL3xM=",
        "owner": "hyprwm",
        "repo": "hyprgraphics",
        "rev": "68d064434787cf1ed4a2fe257c03c5f52f33cf84",
        "type": "github"
      },
      "original": {
        "owner": "hyprwm",
        "repo": "hyprgraphics",
        "type": "github"
      }
    },
    "hyprland": {
      "inputs": {
        "aquamarine": "aquamarine",
        "hyprcursor": "hyprcursor",
        "hyprgraphics": "hyprgraphics",
        "hyprland-guiutils": "hyprland-guiutils",
        "hyprland-protocols": "hyprland-protocols",
        "hyprlang": "hyprlang",
        "hyprutils": "hyprutils",
        "hyprwayland-scanner": "hyprwayland-scanner",
        "hyprwire": "hyprwire",
        "nixpkgs": "nixpkgs_3",
        "pre-commit-hooks": "pre-commit-hooks",
        "systems": "systems_2",
        "xdph": "xdph"
      },
      "locked": {
        "lastModified": 1777840661,
        "narHash": "sha256-m0Ix9S1fnx1dZS2Jc2hwtmH1zQlsDE68S63lerNbWd8=",
        "owner": "hyprwm",
        "repo": "Hyprland",
        "rev": "6d4bcaf075dec8f6de003cb8403df8c788e7079e",
        "type": "github"
      },
      "original": {
        "owner": "hyprwm",
        "repo": "Hyprland",
        "type": "github"
      }
    },
    "hyprland-guiutils": {
      "inputs": {
        "aquamarine": [
          "hyprland",
          "aquamarine"
        ],
        "hyprgraphics": [
          "hyprland",
          "hyprgraphics"
        ],
        "hyprlang": [
          "hyprland",
          "hyprlang"
        ],
        "hyprtoolkit": "hyprtoolkit",
        "hyprutils": [
          "hyprland",
          "hyprutils"
        ],
        "hyprwayland-scanner": [
          "hyprland",
          "hyprwayland-scanner"
        ],
        "nixpkgs": [
          "hyprland",
          "nixpkgs"
        ],
        "systems": [
          "hyprland",
          "systems"
        ]
      },
      "locked": {
        "lastModified": 1776426575,
        "narHash": "sha256-KI6nIfVihn/DPaeB5Et46Xg3dkNHrrEtUd5LBBVomB0=",
        "owner": "hyprwm",
        "repo": "hyprland-guiutils",
        "rev": "a968d211048e3ed538e47b84cb3649299578f19d",
        "type": "github"
      },
      "original": {
        "owner": "hyprwm",
        "repo": "hyprland-guiutils",
        "type": "github"
      }
    },
    "hyprland-protocols": {
      "inputs": {
        "nixpkgs": [
          "hyprland",
          "nixpkgs"
        ],
        "systems": [
          "hyprland",
          "systems"
        ]
      },
      "locked": {
        "lastModified": 1772460177,
        "narHash": "sha256-/6G/MsPvtn7bc4Y32pserBT/Z4SUUdBd4XYJpOEKVR4=",
        "owner": "hyprwm",
        "repo": "hyprland-protocols",
        "rev": "1cb6db5fd6bb8aee419f4457402fa18293ace917",
        "type": "github"
      },
      "original": {
        "owner": "hyprwm",
        "repo": "hyprland-protocols",
        "type": "github"
      }
    },
    "hyprlang": {
      "inputs": {
        "hyprutils": [
          "hyprland",
          "hyprutils"
        ],
        "nixpkgs": [
          "hyprland",
          "nixpkgs"
        ],
        "systems": [
          "hyprland",
          "systems"
        ]
      },
      "locked": {
        "lastModified": 1776426736,
        "narHash": "sha256-rl7i4aY+9p8LysJp7o8uRWahCkpFznCgGHXszlTw7b0=",
        "owner": "hyprwm",
        "repo": "hyprlang",
        "rev": "7833ff33b2e82d3406337b5dcf0d1cec595d83e9",
        "type": "github"
      },
      "original": {
        "owner": "hyprwm",
        "repo": "hyprlang",
        "type": "github"
      }
    },
    "hyprtoolkit": {
      "inputs": {
        "aquamarine": [
          "hyprland",
          "hyprland-guiutils",
          "aquamarine"
        ],
        "hyprgraphics": [
          "hyprland",
          "hyprland-guiutils",
          "hyprgraphics"
        ],
        "hyprlang": [
          "hyprland",
          "hyprland-guiutils",
          "hyprlang"
        ],
        "hyprutils": [
          "hyprland",
          "hyprland-guiutils",
          "hyprutils"
        ],
        "hyprwayland-scanner": [
          "hyprland",
          "hyprland-guiutils",
          "hyprwayland-scanner"
        ],
        "nixpkgs": [
          "hyprland",
          "hyprland-guiutils",
          "nixpkgs"
        ],
        "systems": [
          "hyprland",
          "hyprland-guiutils",
          "systems"
        ]
      },
      "locked": {
        "lastModified": 1772462885,
        "narHash": "sha256-5pHXrQK9zasMnIo6yME6EOXmWGFMSnCITcfKshhKJ9I=",
        "owner": "hyprwm",
        "repo": "hyprtoolkit",
        "rev": "9af245a69fa6b286b88ddfc340afd288e00a6998",
        "type": "github"
      },
      "original": {
        "owner": "hyprwm",
        "repo": "hyprtoolkit",
        "type": "github"
      }
    },
    "hyprutils": {
      "inputs": {
        "nixpkgs": [
          "hyprland",
          "nixpkgs"
        ],
        "systems": [
          "hyprland",
          "systems"
        ]
      },
      "locked": {
        "lastModified": 1777492286,
        "narHash": "sha256-PwuoEJQcjSKJNP5T55qhfDwIP0tw5zxEhfu8GDfKfeg=",
        "owner": "hyprwm",
        "repo": "hyprutils",
        "rev": "ec5c0c709706bad5b82f667fd8758eae442577ce",
        "type": "github"
      },
      "original": {
        "owner": "hyprwm",
        "repo": "hyprutils",
        "type": "github"
      }
    },
    "hyprwayland-scanner": {
      "inputs": {
        "nixpkgs": [
          "hyprland",
          "nixpkgs"
        ],
        "systems": [
          "hyprland",
          "systems"
        ]
      },
      "locked": {
        "lastModified": 1777148232,
        "narHash": "sha256-Uv0WZLhu89SafuSOmYDA7akrPt4wBRmsa1ucasO5aXg=",
        "owner": "hyprwm",
        "repo": "hyprwayland-scanner",
        "rev": "fec9cf1abcc1011e46f0a0986f46bf93c6bf8b92",
        "type": "github"
      },
      "original": {
        "owner": "hyprwm",
        "repo": "hyprwayland-scanner",
        "type": "github"
      }
    },
    "hyprwire": {
      "inputs": {
        "hyprutils": [
          "hyprland",
          "hyprutils"
        ],
        "nixpkgs": [
          "hyprland",
          "nixpkgs"
        ],
        "systems": [
          "hyprland",
          "systems"
        ]
      },
      "locked": {
        "lastModified": 1776728575,
        "narHash": "sha256-z9eGphrArEBpl1O/GCH0wlY6z4K9vA6yWh2gAS6qytU=",
        "owner": "hyprwm",
        "repo": "hyprwire",
        "rev": "f3a80888783702a39691b684d099e16b83ed4702",
        "type": "github"
      },
      "original": {
        "owner": "hyprwm",
        "repo": "hyprwire",
        "type": "github"
      }
    },
    "mpd-notify": {
      "inputs": {
        "crane": "crane_2",
        "flake-utils": "flake-utils_2",
        "nixpkgs": "nixpkgs_4",
        "rust-overlay": "rust-overlay_3"
      },
      "locked": {
        "lastModified": 1777899967,
        "narHash": "sha256-MhCFYI8JTKBP/MxHxIp7NcjAySZc5eaBic0EnihydOA=",
        "owner": "sarowish",
        "repo": "mpd-notify",
        "rev": "b2fbd6725f7bc3d1acb4b7f0b594c5aaa1aa17e4",
        "type": "github"
      },
      "original": {
        "owner": "sarowish",
        "repo": "mpd-notify",
        "type": "github"
      }
    },
    "niri": {
      "inputs": {
        "niri-stable": "niri-stable",
        "niri-unstable": "niri-unstable",
        "nixpkgs": [
          "nixpkgs"
        ],
        "nixpkgs-stable": "nixpkgs-stable",
        "xwayland-satellite-stable": "xwayland-satellite-stable",
        "xwayland-satellite-unstable": "xwayland-satellite-unstable"
      },
      "locked": {
        "lastModified": 1772143054,
        "narHash": "sha256-kwoWPV+kLkT2cJkLKtjp4F1ytOvked4774yUXubiyJc=",
        "owner": "sodiboo",
        "repo": "niri-flake",
        "rev": "1094bdcd7c48b5ea1417aa8542c8113afd99377b",
        "type": "github"
      },
      "original": {
        "owner": "sodiboo",
        "ref": "very-refactor",
        "repo": "niri-flake",
        "type": "github"
      }
    },
    "niri-pkgs": {
      "inputs": {
        "niri-stable": "niri-stable_2",
        "niri-unstable": "niri-unstable_2",
        "nixpkgs": [
          "nixpkgs"
        ],
        "nixpkgs-stable": "nixpkgs-stable_2",
        "xwayland-satellite-stable": "xwayland-satellite-stable_2",
        "xwayland-satellite-unstable": "xwayland-satellite-unstable_2"
      },
      "locked": {
        "lastModified": 1777815637,
        "narHash": "sha256-jQnoHmnFgUWYDNosplgd5eFnUTT0MtEj2w9HCA4g1C0=",
        "owner": "sodiboo",
        "repo": "niri-flake",
        "rev": "945748d71d3422d4f1dada2cd10222e34ed9d767",
        "type": "github"
      },
      "original": {
        "owner": "sodiboo",
        "repo": "niri-flake",
        "type": "github"
      }
    },
    "niri-stable": {
      "flake": false,
      "locked": {
        "lastModified": 1764399944,
        "narHash": "sha256-FC9eYtSmplgxllCX4/3hJq5J3sXWKLSc7at8ZUxycVw=",
        "owner": "YaLTeR",
        "repo": "niri",
        "rev": "b35bcae35b3f9665043c335e55ed5828af77db85",
        "type": "github"
      },
      "original": {
        "owner": "YaLTeR",
        "ref": "v25.11",
        "repo": "niri",
        "type": "github"
      }
    },
    "niri-stable_2": {
      "flake": false,
      "locked": {
        "lastModified": 1756556321,
        "narHash": "sha256-RLD89dfjN0RVO86C/Mot0T7aduCygPGaYbog566F0Qo=",
        "owner": "YaLTeR",
        "repo": "niri",
        "rev": "01be0e65f4eb91a9cd624ac0b76aaeab765c7294",
        "type": "github"
      },
      "original": {
        "owner": "YaLTeR",
        "ref": "v25.08",
        "repo": "niri",
        "type": "github"
      }
    },
    "niri-unstable": {
      "flake": false,
      "locked": {
        "lastModified": 1767598098,
        "narHash": "sha256-IyH3zaCT2JZ6fdY4vKlUz2RbDdxaryvSZWUVixKYrKM=",
        "owner": "YaLTeR",
        "repo": "niri",
        "rev": "b7eb8a635b7f75705808eaed85c016f02ae4fd2d",
        "type": "github"
      },
      "original": {
        "owner": "YaLTeR",
        "repo": "niri",
        "type": "github"
      }
    },
    "niri-unstable_2": {
      "flake": false,
      "locked": {
        "lastModified": 1777733745,
        "narHash": "sha256-1TlpdT0WYyBGtUS3PH4oXHUmdno2EUh2TfHadK2BmJo=",
        "owner": "YaLTeR",
        "repo": "niri",
        "rev": "1f07cffa9f355298a31d7efe1b400ede93a97728",
        "type": "github"
      },
      "original": {
        "owner": "YaLTeR",
        "repo": "niri",
        "type": "github"
      }
    },
    "nix-filter": {
      "locked": {
        "lastModified": 1693833173,
        "narHash": "sha256-hlMABKrGbEiJD5dwUSfnw1CQ3bG7KKwDV+Nx3bEZd7U=",
        "owner": "numtide",
        "repo": "nix-filter",
        "rev": "ac030bd9ba98e318e1f4c4328d60766ade8ebe8b",
        "type": "github"
      },
      "original": {
        "owner": "numtide",
        "repo": "nix-filter",
        "type": "github"
      }
    },
    "nixcord": {
      "inputs": {
        "flake-compat": "flake-compat_3",
        "flake-parts": "flake-parts",
        "nixpkgs": "nixpkgs_5",
        "nixpkgs-nixcord": "nixpkgs-nixcord"
      },
      "locked": {
        "lastModified": 1777806571,
        "narHash": "sha256-v1QynzgI9XZezMdBglehneSPOl6LGwhnIKnjRb03ouc=",
        "owner": "kaylorben",
        "repo": "nixcord",
        "rev": "41e6c4ac150b737a994835473462cb9560b6421b",
        "type": "github"
      },
      "original": {
        "owner": "kaylorben",
        "repo": "nixcord",
        "type": "github"
      }
    },
    "nixpkgs": {
      "locked": {
        "lastModified": 1763934636,
        "narHash": "sha256-9glbI7f1uU+yzQCq5LwLgdZqx6svOhZWkd4JRY265fc=",
        "owner": "nixos",
        "repo": "nixpkgs",
        "rev": "ee09932cedcef15aaf476f9343d1dea2cb77e261",
        "type": "github"
      },
      "original": {
        "owner": "nixos",
        "ref": "nixpkgs-unstable",
        "repo": "nixpkgs",
        "type": "github"
      }
    },
    "nixpkgs-lib": {
      "locked": {
        "lastModified": 1777168982,
        "narHash": "sha256-GOkGPcboWE9BmGCRMLX3worL4EMnsnG8MyKmXNeYuhQ=",
        "owner": "nix-community",
        "repo": "nixpkgs.lib",
        "rev": "f5901329dade4a6ea039af1433fb087bd9c1fe14",
        "type": "github"
      },
      "original": {
        "owner": "nix-community",
        "repo": "nixpkgs.lib",
        "type": "github"
      }
    },
    "nixpkgs-nixcord": {
      "locked": {
        "lastModified": 1777428379,
        "narHash": "sha256-ypxFOeDz+CqADEQNL72haqGjvZQdBR5Vc7pyx2JDttI=",
        "owner": "NixOS",
        "repo": "nixpkgs",
        "rev": "755f5aa91337890c432639c60b6064bb7fe67769",
        "type": "github"
      },
      "original": {
        "owner": "NixOS",
        "ref": "nixos-25.11",
        "repo": "nixpkgs",
        "type": "github"
      }
    },
    "nixpkgs-stable": {
      "locked": {
        "lastModified": 1767480499,
        "narHash": "sha256-8IQQUorUGiSmFaPnLSo2+T+rjHtiNWc+OAzeHck7N48=",
        "owner": "NixOS",
        "repo": "nixpkgs",
        "rev": "30a3c519afcf3f99e2c6df3b359aec5692054d92",
        "type": "github"
      },
      "original": {
        "owner": "NixOS",
        "ref": "nixos-25.11",
        "repo": "nixpkgs",
        "type": "github"
      }
    },
    "nixpkgs-stable_2": {
      "locked": {
        "lastModified": 1777673416,
        "narHash": "sha256-5c2POKPOjU40Kh0MirOdScBLG0bu9TAuPYAtPRNZMBs=",
        "owner": "NixOS",
        "repo": "nixpkgs",
        "rev": "26ef669cffa904b6f6832ab57b77892a37c1a671",
        "type": "github"
      },
      "original": {
        "owner": "NixOS",
        "ref": "nixos-25.11",
        "repo": "nixpkgs",
        "type": "github"
      }
    },
    "nixpkgs_2": {
      "locked": {
        "lastModified": 1771923393,
        "narHash": "sha256-Fy0+UXELv9hOE8WjYhJt8fMDLYTU2Dqn3cX4BwoGBos=",
        "owner": "NixOS",
        "repo": "nixpkgs",
        "rev": "ea7f1f06811ce7fcc81d6c6fd4213150c23edcf2",
        "type": "github"
      },
      "original": {
        "owner": "NixOS",
        "ref": "nixpkgs-unstable",
        "repo": "nixpkgs",
        "type": "github"
      }
    },
    "nixpkgs_3": {
      "locked": {
        "lastModified": 1776877367,
        "narHash": "sha256-EHq1/OX139R1RvBzOJ0aMRT3xnWyqtHBRUBuO1gFzjI=",
        "owner": "NixOS",
        "repo": "nixpkgs",
        "rev": "0726a0ecb6d4e08f6adced58726b95db924cef57",
        "type": "github"
      },
      "original": {
        "owner": "NixOS",
        "ref": "nixos-unstable",
        "repo": "nixpkgs",
        "type": "github"
      }
    },
    "nixpkgs_4": {
      "locked": {
        "lastModified": 1766840161,
        "narHash": "sha256-Ss/LHpJJsng8vz1Pe33RSGIWUOcqM1fjrehjUkdrWio=",
        "owner": "NixOS",
        "repo": "nixpkgs",
        "rev": "3edc4a30ed3903fdf6f90c837f961fa6b49582d1",
        "type": "github"
      },
      "original": {
        "owner": "NixOS",
        "ref": "nixpkgs-unstable",
        "repo": "nixpkgs",
        "type": "github"
      }
    },
    "nixpkgs_5": {
      "locked": {
        "lastModified": 1777428379,
        "narHash": "sha256-ypxFOeDz+CqADEQNL72haqGjvZQdBR5Vc7pyx2JDttI=",
        "owner": "NixOS",
        "repo": "nixpkgs",
        "rev": "755f5aa91337890c432639c60b6064bb7fe67769",
        "type": "github"
      },
      "original": {
        "owner": "NixOS",
        "ref": "nixos-25.11",
        "repo": "nixpkgs",
        "type": "github"
      }
    },
    "nixpkgs_6": {
      "locked": {
        "lastModified": 1777578337,
        "narHash": "sha256-Ad49moKWeXtKBJNy2ebiTQUEgdLyvGmTeykAQ9xM+Z4=",
        "owner": "NixOS",
        "repo": "nixpkgs",
        "rev": "15f4ee454b1dce334612fa6843b3e05cf546efab",
        "type": "github"
      },
      "original": {
        "owner": "NixOS",
        "ref": "nixos-unstable",
        "repo": "nixpkgs",
        "type": "github"
      }
    },
    "nixpkgs_7": {
      "locked": {
        "lastModified": 1772542754,
        "narHash": "sha256-WGV2hy+VIeQsYXpsLjdr4GvHv5eECMISX1zKLTedhdg=",
        "owner": "NixOS",
        "repo": "nixpkgs",
        "rev": "8c809a146a140c5c8806f13399592dbcb1bb5dc4",
        "type": "github"
      },
      "original": {
        "owner": "NixOS",
        "ref": "nixos-unstable",
        "repo": "nixpkgs",
        "type": "github"
      }
    },
    "nixpkgs_8": {
      "locked": {
        "lastModified": 1776329215,
        "narHash": "sha256-a8BYi3mzoJ/AcJP8UldOx8emoPRLeWqALZWu4ZvjPXw=",
        "owner": "NixOS",
        "repo": "nixpkgs",
        "rev": "b86751bc4085f48661017fa226dee99fab6c651b",
        "type": "github"
      },
      "original": {
        "owner": "NixOS",
        "ref": "nixpkgs-unstable",
        "repo": "nixpkgs",
        "type": "github"
      }
    },
    "pre-commit-hooks": {
      "inputs": {
        "flake-compat": "flake-compat_2",
        "gitignore": "gitignore",
        "nixpkgs": [
          "hyprland",
          "nixpkgs"
        ]
      },
      "locked": {
        "lastModified": 1776796298,
        "narHash": "sha256-PcRvlWayisPSjd0UcRQbhG8Oqw78AcPE6x872cPRHN8=",
        "owner": "cachix",
        "repo": "git-hooks.nix",
        "rev": "3cfd774b0a530725a077e17354fbdb87ea1c4aad",
        "type": "github"
      },
      "original": {
        "owner": "cachix",
        "repo": "git-hooks.nix",
        "type": "github"
      }
    },
    "root": {
      "inputs": {
        "awww": "awww",
        "bawa": "bawa",
        "disko": "disko",
        "firefox-addons": "firefox-addons",
        "home-manager": "home-manager",
        "hyprland": "hyprland",
        "mpd-notify": "mpd-notify",
        "niri": "niri",
        "niri-pkgs": "niri-pkgs",
        "nixcord": "nixcord",
        "nixpkgs": "nixpkgs_6",
        "sops-nix": "sops-nix",
        "split-monitor-workspaces": "split-monitor-workspaces",
        "vicinae": "vicinae",
        "vicinae-extensions": "vicinae-extensions",
        "ytsub": "ytsub"
      }
    },
    "rust-overlay": {
      "inputs": {
        "nixpkgs": [
          "awww",
          "nixpkgs"
        ]
      },
      "locked": {
        "lastModified": 1764038373,
        "narHash": "sha256-M6w2wNBRelcavoDAyFL2iO4NeWknD40ASkH1S3C0YGM=",
        "owner": "oxalica",
        "repo": "rust-overlay",
        "rev": "ab3536fe850211a96673c6ffb2cb88aab8071cc9",
        "type": "github"
      },
      "original": {
        "owner": "oxalica",
        "repo": "rust-overlay",
        "type": "github"
      }
    },
    "rust-overlay_2": {
      "inputs": {
        "nixpkgs": [
          "bawa",
          "nixpkgs"
        ]
      },
      "locked": {
        "lastModified": 1772075164,
        "narHash": "sha256-93XcvAt+6p7aAq1ERlxD2T17zLGoYGo64KJYasGcpgc=",
        "owner": "oxalica",
        "repo": "rust-overlay",
        "rev": "07601339b15fa6810541c0e7dc2f3664d92a7ad0",
        "type": "github"
      },
      "original": {
        "owner": "oxalica",
        "repo": "rust-overlay",
        "type": "github"
      }
    },
    "rust-overlay_3": {
      "inputs": {
        "nixpkgs": [
          "mpd-notify",
          "nixpkgs"
        ]
      },
      "locked": {
        "lastModified": 1766803264,
        "narHash": "sha256-eGK6He8BR6L7N73kyyjz/vGxZX1Usnr8Gwfs3D18KgE=",
        "owner": "oxalica",
        "repo": "rust-overlay",
        "rev": "6b5c52313aaf3f3e1a0a6757bb89846edfb5195c",
        "type": "github"
      },
      "original": {
        "owner": "oxalica",
        "repo": "rust-overlay",
        "type": "github"
      }
    },
    "rust-overlay_4": {
      "inputs": {
        "nixpkgs": [
          "ytsub",
          "nixpkgs"
        ]
      },
      "locked": {
        "lastModified": 1776481912,
        "narHash": "sha256-Xq7p+Ex3YHFAd+fFFLOYw2Wv67582X7SAmrEDtIDZQ4=",
        "owner": "oxalica",
        "repo": "rust-overlay",
        "rev": "e611106c527e8ab0adbb641183cda284411d575c",
        "type": "github"
      },
      "original": {
        "owner": "oxalica",
        "repo": "rust-overlay",
        "type": "github"
      }
    },
    "sops-nix": {
      "inputs": {
        "nixpkgs": [
          "nixpkgs"
        ]
      },
      "locked": {
        "lastModified": 1777338324,
        "narHash": "sha256-bc+ZZCmOTNq86/svGnw0tVpH7vJaLYvGLLKFYP08Q8E=",
        "owner": "Mic92",
        "repo": "sops-nix",
        "rev": "8eaee5c45428b28b8c47a83e4c09dccec5f279b5",
        "type": "github"
      },
      "original": {
        "owner": "Mic92",
        "repo": "sops-nix",
        "type": "github"
      }
    },
    "split-monitor-workspaces": {
      "inputs": {
        "hyprland": [
          "hyprland"
        ],
        "nix-filter": "nix-filter"
      },
      "locked": {
        "lastModified": 1777409658,
        "narHash": "sha256-fBUjkrBbODd6c6j9sRfWvxqJrBHMHvp8WjAASfAqin4=",
        "owner": "Duckonaut",
        "repo": "split-monitor-workspaces",
        "rev": "206fc9ed4e35bdaea60c4ae16927376ff3ebac9d",
        "type": "github"
      },
      "original": {
        "owner": "Duckonaut",
        "repo": "split-monitor-workspaces",
        "type": "github"
      }
    },
    "systems": {
      "locked": {
        "lastModified": 1681028828,
        "narHash": "sha256-Vy1rq5AaRuLzOxct8nz4T6wlgyUR7zLU309k9mBC768=",
        "owner": "nix-systems",
        "repo": "default",
        "rev": "da67096a3b9bf56a91d16901293e51ba5b49a27e",
        "type": "github"
      },
      "original": {
        "owner": "nix-systems",
        "repo": "default",
        "type": "github"
      }
    },
    "systems_2": {
      "locked": {
        "lastModified": 1689347949,
        "narHash": "sha256-12tWmuL2zgBgZkdoB6qXZsgJEH9LR3oUgpaQq2RbI80=",
        "owner": "nix-systems",
        "repo": "default-linux",
        "rev": "31732fcf5e8fea42e59c2488ad31a0e651500f68",
        "type": "github"
      },
      "original": {
        "owner": "nix-systems",
        "repo": "default-linux",
        "type": "github"
      }
    },
    "systems_3": {
      "locked": {
        "lastModified": 1681028828,
        "narHash": "sha256-Vy1rq5AaRuLzOxct8nz4T6wlgyUR7zLU309k9mBC768=",
        "owner": "nix-systems",
        "repo": "default",
        "rev": "da67096a3b9bf56a91d16901293e51ba5b49a27e",
        "type": "github"
      },
      "original": {
        "owner": "nix-systems",
        "repo": "default",
        "type": "github"
      }
    },
    "systems_4": {
      "locked": {
        "lastModified": 1681028828,
        "narHash": "sha256-Vy1rq5AaRuLzOxct8nz4T6wlgyUR7zLU309k9mBC768=",
        "owner": "nix-systems",
        "repo": "default",
        "rev": "da67096a3b9bf56a91d16901293e51ba5b49a27e",
        "type": "github"
      },
      "original": {
        "owner": "nix-systems",
        "repo": "default",
        "type": "github"
      }
    },
    "systems_5": {
      "locked": {
        "lastModified": 1681028828,
        "narHash": "sha256-Vy1rq5AaRuLzOxct8nz4T6wlgyUR7zLU309k9mBC768=",
        "owner": "nix-systems",
        "repo": "default",
        "rev": "da67096a3b9bf56a91d16901293e51ba5b49a27e",
        "type": "github"
      },
      "original": {
        "owner": "nix-systems",
        "repo": "default",
        "type": "github"
      }
    },
    "systems_6": {
      "locked": {
        "lastModified": 1681028828,
        "narHash": "sha256-Vy1rq5AaRuLzOxct8nz4T6wlgyUR7zLU309k9mBC768=",
        "owner": "nix-systems",
        "repo": "default",
        "rev": "da67096a3b9bf56a91d16901293e51ba5b49a27e",
        "type": "github"
      },
      "original": {
        "owner": "nix-systems",
        "repo": "default",
        "type": "github"
      }
    },
    "vicinae": {
      "inputs": {
        "nixpkgs": "nixpkgs_7",
        "systems": "systems_4"
      },
      "locked": {
        "lastModified": 1777815457,
        "narHash": "sha256-tOHe63NSWVFYBry/KSd5wwF9Khha5AXT5Dqx+Z6ICww=",
        "owner": "vicinaehq",
        "repo": "vicinae",
        "rev": "5ab9b061690e9e8695ec62dc793f9a3bda2eb616",
        "type": "github"
      },
      "original": {
        "owner": "vicinaehq",
        "repo": "vicinae",
        "type": "github"
      }
    },
    "vicinae-extensions": {
      "inputs": {
        "flake-compat": "flake-compat_4",
        "nixpkgs": [
          "nixpkgs"
        ],
        "systems": "systems_5",
        "vicinae": "vicinae_2"
      },
      "locked": {
        "lastModified": 1777597325,
        "narHash": "sha256-LfqeVlMwclHJKsJu5jJoztjlaCeIasQsiv3P9+eKDNw=",
        "owner": "vicinaehq",
        "repo": "extensions",
        "rev": "89cc49471c3e7119bfd36d68998cefe534bddab8",
        "type": "github"
      },
      "original": {
        "owner": "vicinaehq",
        "repo": "extensions",
        "type": "github"
      }
    },
    "vicinae_2": {
      "inputs": {
        "nixpkgs": [
          "vicinae-extensions",
          "nixpkgs"
        ],
        "systems": [
          "vicinae-extensions",
          "systems"
        ]
      },
      "locked": {
        "lastModified": 1768856963,
        "narHash": "sha256-u5bWDuwk6oieTnvm1YjNotcYK8iJSddH5+S68+X4TSc=",
        "owner": "vicinaehq",
        "repo": "vicinae",
        "rev": "934bc0ad47be6dbd6498a0dac655c4613fd0ab27",
        "type": "github"
      },
      "original": {
        "owner": "vicinaehq",
        "repo": "vicinae",
        "type": "github"
      }
    },
    "xdph": {
      "inputs": {
        "hyprland-protocols": [
          "hyprland",
          "hyprland-protocols"
        ],
        "hyprlang": [
          "hyprland",
          "hyprlang"
        ],
        "hyprutils": [
          "hyprland",
          "hyprutils"
        ],
        "hyprwayland-scanner": [
          "hyprland",
          "hyprwayland-scanner"
        ],
        "nixpkgs": [
          "hyprland",
          "nixpkgs"
        ],
        "systems": [
          "hyprland",
          "systems"
        ]
      },
      "locked": {
        "lastModified": 1777035886,
        "narHash": "sha256-m1TNuBoSXUBSKhD9UVMkU90M0wFTPTfvIOOltO8IM8A=",
        "owner": "hyprwm",
        "repo": "xdg-desktop-portal-hyprland",
        "rev": "ecfcdcc781f48821d83e1e2a0e30d7beca0eeb5e",
        "type": "github"
      },
      "original": {
        "owner": "hyprwm",
        "repo": "xdg-desktop-portal-hyprland",
        "type": "github"
      }
    },
    "xwayland-satellite-stable": {
      "flake": false,
      "locked": {
        "lastModified": 1755491097,
        "narHash": "sha256-m+9tUfsmBeF2Gn4HWa6vSITZ4Gz1eA1F5Kh62B0N4oE=",
        "owner": "Supreeeme",
        "repo": "xwayland-satellite",
        "rev": "388d291e82ffbc73be18169d39470f340707edaa",
        "type": "github"
      },
      "original": {
        "owner": "Supreeeme",
        "ref": "v0.7",
        "repo": "xwayland-satellite",
        "type": "github"
      }
    },
    "xwayland-satellite-stable_2": {
      "flake": false,
      "locked": {
        "lastModified": 1755491097,
        "narHash": "sha256-m+9tUfsmBeF2Gn4HWa6vSITZ4Gz1eA1F5Kh62B0N4oE=",
        "owner": "Supreeeme",
        "repo": "xwayland-satellite",
        "rev": "388d291e82ffbc73be18169d39470f340707edaa",
        "type": "github"
      },
      "original": {
        "owner": "Supreeeme",
        "ref": "v0.7",
        "repo": "xwayland-satellite",
        "type": "github"
      }
    },
    "xwayland-satellite-unstable": {
      "flake": false,
      "locked": {
        "lastModified": 1766429945,
        "narHash": "sha256-9Kv4gWagx/u4RfZJzBMAoagW9ava5waxd+XoTkzqF7E=",
        "owner": "Supreeeme",
        "repo": "xwayland-satellite",
        "rev": "0dde7ca1d3a8e8c5082533d76084e2aa02bef70e",
        "type": "github"
      },
      "original": {
        "owner": "Supreeeme",
        "repo": "xwayland-satellite",
        "type": "github"
      }
    },
    "xwayland-satellite-unstable_2": {
      "flake": false,
      "locked": {
        "lastModified": 1773622265,
        "narHash": "sha256-wToKwH7IgWdGLMSIWksEDs4eumR6UbbsuPQ42r0oTXQ=",
        "owner": "Supreeeme",
        "repo": "xwayland-satellite",
        "rev": "a879e5e0896a326adc79c474bf457b8b99011027",
        "type": "github"
      },
      "original": {
        "owner": "Supreeeme",
        "repo": "xwayland-satellite",
        "type": "github"
      }
    },
    "ytsub": {
      "inputs": {
        "crane": "crane_3",
        "flake-utils": "flake-utils_3",
        "nixpkgs": "nixpkgs_8",
        "rust-overlay": "rust-overlay_4"
      },
      "locked": {
        "lastModified": 1777853272,
        "narHash": "sha256-3TxI1Kt03g2fiyT2lnM4yXxXuCNL1XMO+wh2Wc8buXQ=",
        "owner": "sarowish",
        "repo": "ytsub",
        "rev": "18bc4770de64caccab9a8fa584d822f02f9d055d",
        "type": "github"
      },
      "original": {
        "owner": "sarowish",
        "repo": "ytsub",
        "type": "github"
      }
    }
  },
  "root": "root",
  "version": 7
}
